
Microsoft Visual Studio Solution File, Format Version 12.00
# Visual Studio Version 17
VisualStudioVersion = 17.0.31903.59
MinimumVisualStudioVersion = 10.0.40219.1
Project("{FAE04EC0-301F-11D3-BF4B-00C04F79EFBC}") = "PERKIHub.Contracts", "PERKIHub.Contracts\PERKIHub.Contracts.csproj", "{70867C90-4A11-4478-BFA3-1AC086BD1129}"
EndProject
Project("{FAE04EC0-301F-11D3-BF4B-00C04F79EFBC}") = "PERKIHub.RestApi", "PERKIHub.RestApi\PERKIHub.RestApi.csproj", "{B79B461F-515C-49F4-9133-FDA0EE1B7431}"
EndProject
Project("{FAE04EC0-301F-11D3-BF4B-00C04F79EFBC}") = "PERKIHub.Domain", "PERKIHub.Domain\PERKIHub.Domain.csproj", "{D6116345-DD6D-4A33-88BB-352C7CD21410}"
EndProject
Global
	GlobalSection(SolutionConfigurationPlatforms) = preSolution
		Debug|Any CPU = Debug|Any CPU
		Release|Any CPU = Release|Any CPU
	EndGlobalSection
	GlobalSection(SolutionProperties) = preSolution
		HideSolutionNode = FALSE
	EndGlobalSection
	GlobalSection(ProjectConfigurationPlatforms) = postSolution
		{70867C90-4A11-4478-BFA3-1AC086BD1129}.Debug|Any CPU.ActiveCfg = Debug|Any CPU
		{70867C90-4A11-4478-BFA3-1AC086BD1129}.Debug|Any CPU.Build.0 = Debug|Any CPU
		{70867C90-4A11-4478-BFA3-1AC086BD1129}.Release|Any CPU.ActiveCfg = Release|Any CPU
		{70867C90-4A11-4478-BFA3-1AC086BD1129}.Release|Any CPU.Build.0 = Release|Any CPU
		{B79B461F-515C-49F4-9133-FDA0EE1B7431}.Debug|Any CPU.ActiveCfg = Debug|Any CPU
		{B79B461F-515C-49F4-9133-FDA0EE1B7431}.Debug|Any CPU.Build.0 = Debug|Any CPU
		{B79B461F-515C-49F4-9133-FDA0EE1B7431}.Release|Any CPU.ActiveCfg = Release|Any CPU
		{B79B461F-515C-49F4-9133-FDA0EE1B7431}.Release|Any CPU.Build.0 = Release|Any CPU
		{D6116345-DD6D-4A33-88BB-352C7CD21410}.Debug|Any CPU.ActiveCfg = Debug|Any CPU
		{D6116345-DD6D-4A33-88BB-352C7CD21410}.Debug|Any CPU.Build.0 = Debug|Any CPU
		{D6116345-DD6D-4A33-88BB-352C7CD21410}.Release|Any CPU.ActiveCfg = Release|Any CPU
		{D6116345-DD6D-4A33-88BB-352C7CD21410}.Release|Any CPU.Build.0 = Release|Any CPU
	EndGlobalSection
EndGlobal
